
Microsoft Visual Studio Solution File, Format Version 12.00
# Visual Studio Version 17
VisualStudioVersion = 17.8.34511.84
MinimumVisualStudioVersion = 10.0.40219.1
Project("{9A19103F-16F7-4668-BE54-9A1E7A4F7556}") = "CipherKey", "CipherKey\CipherKey.csproj", "{5338B47D-C6BC-4FE0-98FA-34302B3B6D1A}"
EndProject
Project("{9A19103F-16F7-4668-BE54-9A1E7A4F7556}") = "CipherKey.Core", "CipherKey.Core\CipherKey.Core.csproj", "{1AFC635E-768B-42EC-9D53-F97838CD02EB}"
EndProject
Project("{9A19103F-16F7-4668-BE54-9A1E7A4F7556}") = "CipherKey.Services", "CipherKey.Services\CipherKey.Services.csproj", "{D83DAB8A-3FC7-49E3-8F3D-E9F9AC1F3DEF}"
EndProject
Project("{54435603-DBB4-11D2-8724-00A0C9A8B90C}") = "CipherKey-Installer", "CipherKey-Installer\CipherKey-Installer.vdproj", "{EB9380FE-DC22-4EB5-9CA0-DD2D1975C4C5}"
EndProject
Project("{9A19103F-16F7-4668-BE54-9A1E7A4F7556}") = "CipherKey.Crypt", "CipherKey.Crypt\CipherKey.Crypt.csproj", "{9405C223-0DA1-4DFE-B565-1452A22810F6}"
EndProject
Project("{2150E333-8FDC-42A3-9474-1A3956D46DE8}") = "Modules", "Modules", "{10B1526E-79D1-40EF-9C5C-0F9416438095}"
EndProject
Project("{9A19103F-16F7-4668-BE54-9A1E7A4F7556}") = "Module.Passwords", "Module.Passwords\Module.Passwords.csproj", "{0F812E09-A505-488F-A0FC-8C10FC07A4C6}"
EndProject
Project("{FAE04EC0-301F-11D3-BF4B-00C04F79EFBC}") = "CipherKey.Tests", "CipherKey.Tests\CipherKey.Tests.csproj", "{09B57194-AE31-4EC1-A0FF-A29B7A6C1513}"
EndProject
Project("{FAE04EC0-301F-11D3-BF4B-00C04F79EFBC}") = "Module.Triggers", "Module.Triggers\Module.Triggers.csproj", "{4F845F48-3AB5-4678-A90D-91FA99506465}"
EndProject
Global
	GlobalSection(SolutionConfigurationPlatforms) = preSolution
		Debug|Any CPU = Debug|Any CPU
		Release|Any CPU = Release|Any CPU
	EndGlobalSection
	GlobalSection(ProjectConfigurationPlatforms) = postSolution
		{5338B47D-C6BC-4FE0-98FA-34302B3B6D1A}.Debug|Any CPU.ActiveCfg = Debug|Any CPU
		{5338B47D-C6BC-4FE0-98FA-34302B3B6D1A}.Debug|Any CPU.Build.0 = Debug|Any CPU
		{5338B47D-C6BC-4FE0-98FA-34302B3B6D1A}.Release|Any CPU.ActiveCfg = Release|Any CPU
		{5338B47D-C6BC-4FE0-98FA-34302B3B6D1A}.Release|Any CPU.Build.0 = Release|Any CPU
		{1AFC635E-768B-42EC-9D53-F97838CD02EB}.Debug|Any CPU.ActiveCfg = Debug|Any CPU
		{1AFC635E-768B-42EC-9D53-F97838CD02EB}.Debug|Any CPU.Build.0 = Debug|Any CPU
		{1AFC635E-768B-42EC-9D53-F97838CD02EB}.Release|Any CPU.ActiveCfg = Release|Any CPU
		{1AFC635E-768B-42EC-9D53-F97838CD02EB}.Release|Any CPU.Build.0 = Release|Any CPU
		{D83DAB8A-3FC7-49E3-8F3D-E9F9AC1F3DEF}.Debug|Any CPU.ActiveCfg = Debug|Any CPU
		{D83DAB8A-3FC7-49E3-8F3D-E9F9AC1F3DEF}.Debug|Any CPU.Build.0 = Debug|Any CPU
		{D83DAB8A-3FC7-49E3-8F3D-E9F9AC1F3DEF}.Release|Any CPU.ActiveCfg = Release|Any CPU
		{D83DAB8A-3FC7-49E3-8F3D-E9F9AC1F3DEF}.Release|Any CPU.Build.0 = Release|Any CPU
		{EB9380FE-DC22-4EB5-9CA0-DD2D1975C4C5}.Debug|Any CPU.ActiveCfg = Debug
		{EB9380FE-DC22-4EB5-9CA0-DD2D1975C4C5}.Release|Any CPU.ActiveCfg = Release
		{9405C223-0DA1-4DFE-B565-1452A22810F6}.Debug|Any CPU.ActiveCfg = Debug|Any CPU
		{9405C223-0DA1-4DFE-B565-1452A22810F6}.Debug|Any CPU.Build.0 = Debug|Any CPU
		{9405C223-0DA1-4DFE-B565-1452A22810F6}.Release|Any CPU.ActiveCfg = Release|Any CPU
		{9405C223-0DA1-4DFE-B565-1452A22810F6}.Release|Any CPU.Build.0 = Release|Any CPU
		{0F812E09-A505-488F-A0FC-8C10FC07A4C6}.Debug|Any CPU.ActiveCfg = Debug|Any CPU
		{0F812E09-A505-488F-A0FC-8C10FC07A4C6}.Debug|Any CPU.Build.0 = Debug|Any CPU
		{0F812E09-A505-488F-A0FC-8C10FC07A4C6}.Release|Any CPU.ActiveCfg = Release|Any CPU
		{0F812E09-A505-488F-A0FC-8C10FC07A4C6}.Release|Any CPU.Build.0 = Release|Any CPU
		{09B57194-AE31-4EC1-A0FF-A29B7A6C1513}.Debug|Any CPU.ActiveCfg = Debug|Any CPU
		{09B57194-AE31-4EC1-A0FF-A29B7A6C1513}.Debug|Any CPU.Build.0 = Debug|Any CPU
		{09B57194-AE31-4EC1-A0FF-A29B7A6C1513}.Release|Any CPU.ActiveCfg = Release|Any CPU
		{09B57194-AE31-4EC1-A0FF-A29B7A6C1513}.Release|Any CPU.Build.0 = Release|Any CPU
		{4F845F48-3AB5-4678-A90D-91FA99506465}.Debug|Any CPU.ActiveCfg = Debug|Any CPU
		{4F845F48-3AB5-4678-A90D-91FA99506465}.Debug|Any CPU.Build.0 = Debug|Any CPU
		{4F845F48-3AB5-4678-A90D-91FA99506465}.Release|Any CPU.ActiveCfg = Release|Any CPU
		{4F845F48-3AB5-4678-A90D-91FA99506465}.Release|Any CPU.Build.0 = Release|Any CPU
	EndGlobalSection
	GlobalSection(SolutionProperties) = preSolution
		HideSolutionNode = FALSE
	EndGlobalSection
	GlobalSection(NestedProjects) = preSolution
		{0F812E09-A505-488F-A0FC-8C10FC07A4C6} = {10B1526E-79D1-40EF-9C5C-0F9416438095}
		{4F845F48-3AB5-4678-A90D-91FA99506465} = {10B1526E-79D1-40EF-9C5C-0F9416438095}
	EndGlobalSection
	GlobalSection(ExtensibilityGlobals) = postSolution
		SolutionGuid = {72FD2C41-1AD3-4CAA-AAE4-443A4E13C553}
	EndGlobalSection
EndGlobal
